
Microsoft Visual Studio Solution File, Format Version 12.00
# Visual Studio Version 16
VisualStudioVersion = 16.0.31205.134
MinimumVisualStudioVersion = 10.0.40219.1
Project("{FAE04EC0-301F-11D3-BF4B-00C04F79EFBC}") = "TaskEmployee", "TaskEmployee\TaskEmployee.csproj", "{6A3025D6-6050-492D-ACD9-F55BD1B4DCD2}"
EndProject
Global
	GlobalSection(SolutionConfigurationPlatforms) = preSolution
		Debug|Any CPU = Debug|Any CPU
		Release|Any CPU = Release|Any CPU
	EndGlobalSection
	GlobalSection(ProjectConfigurationPlatforms) = postSolution
		{6A3025D6-6050-492D-ACD9-F55BD1B4DCD2}.Debug|Any CPU.ActiveCfg = Debug|Any CPU
		{6A3025D6-6050-492D-ACD9-F55BD1B4DCD2}.Debug|Any CPU.Build.0 = Debug|Any CPU
		{6A3025D6-6050-492D-ACD9-F55BD1B4DCD2}.Release|Any CPU.ActiveCfg = Release|Any CPU
		{6A3025D6-6050-492D-ACD9-F55BD1B4DCD2}.Release|Any CPU.Build.0 = Release|Any CPU
	EndGlobalSection
	GlobalSection(SolutionProperties) = preSolution
		HideSolutionNode = FALSE
	EndGlobalSection
	GlobalSection(ExtensibilityGlobals) = postSolution
		SolutionGuid = {9804C98F-1B1D-4CE1-A0EF-2592AD2F6F8D}
	EndGlobalSection
EndGlobal
